
Microsoft Visual Studio Solution File, Format Version 12.00
# Visual Studio 15
VisualStudioVersion = 15.0.27130.2027
MinimumVisualStudioVersion = 10.0.40219.1
Project("{FAE04EC0-301F-11D3-BF4B-00C04F79EFBC}") = "InternationalOnlineShopping", "InternationalOnlineShopping\InternationalOnlineShopping.csproj", "{C57F9D63-000E-46EC-9767-E0AF2AB1FEE4}"
EndProject
Global
	GlobalSection(SolutionConfigurationPlatforms) = preSolution
		Debug|Any CPU = Debug|Any CPU
		Release|Any CPU = Release|Any CPU
	EndGlobalSection
	GlobalSection(ProjectConfigurationPlatforms) = postSolution
		{C57F9D63-000E-46EC-9767-E0AF2AB1FEE4}.Debug|Any CPU.ActiveCfg = Debug|Any CPU
		{C57F9D63-000E-46EC-9767-E0AF2AB1FEE4}.Debug|Any CPU.Build.0 = Debug|Any CPU
		{C57F9D63-000E-46EC-9767-E0AF2AB1FEE4}.Release|Any CPU.ActiveCfg = Release|Any CPU
		{C57F9D63-000E-46EC-9767-E0AF2AB1FEE4}.Release|Any CPU.Build.0 = Release|Any CPU
	EndGlobalSection
	GlobalSection(SolutionProperties) = preSolution
		HideSolutionNode = FALSE
	EndGlobalSection
	GlobalSection(ExtensibilityGlobals) = postSolution
		SolutionGuid = {1AFA1C0A-6271-4D96-ADFA-A17057A46FE1}
	EndGlobalSection
EndGlobal
